
Microsoft Visual Studio Solution File, Format Version 12.00
# Visual Studio Version 17
VisualStudioVersion = 17.11.35222.181
MinimumVisualStudioVersion = 10.0.40219.1
Project("{FAE04EC0-301F-11D3-BF4B-00C04F79EFBC}") = "Cwiczenia1", "Cwiczenia1\Cwiczenia1.csproj", "{1B9A85C7-F98B-4CE0-91E9-2D617FD016F3}"
EndProject
Global
	GlobalSection(SolutionConfigurationPlatforms) = preSolution
		Debug|Any CPU = Debug|Any CPU
		Release|Any CPU = Release|Any CPU
	EndGlobalSection
	GlobalSection(ProjectConfigurationPlatforms) = postSolution
		{1B9A85C7-F98B-4CE0-91E9-2D617FD016F3}.Debug|Any CPU.ActiveCfg = Debug|Any CPU
		{1B9A85C7-F98B-4CE0-91E9-2D617FD016F3}.Debug|Any CPU.Build.0 = Debug|Any CPU
		{1B9A85C7-F98B-4CE0-91E9-2D617FD016F3}.Release|Any CPU.ActiveCfg = Release|Any CPU
		{1B9A85C7-F98B-4CE0-91E9-2D617FD016F3}.Release|Any CPU.Build.0 = Release|Any CPU
	EndGlobalSection
	GlobalSection(SolutionProperties) = preSolution
		HideSolutionNode = FALSE
	EndGlobalSection
	GlobalSection(ExtensibilityGlobals) = postSolution
		SolutionGuid = {950D89A7-74B3-4F0F-9675-4CDA5CD22FC0}
	EndGlobalSection
EndGlobal
